// !$*UTF8*$!
{
	archiveVersion = 1;
	classes = {
	};
	objectVersion = 50;
	objects = {

/* Begin PBXBuildFile section */
		7C2430FE2443482200635CC0 /* AppDelegate.mm in Sources */ = {isa = PBXBuildFile; fileRef = 7C2430FD2443482200635CC0 /* AppDelegate.mm */; };
		7C2431002443482300635CC0 /* Assets.xcassets in Resources */ = {isa = PBXBuildFile; fileRef = 7C2430FF2443482300635CC0 /* Assets.xcassets */; };
		7C2431032443482300635CC0 /* MainMenu.xib in Resources */ = {isa = PBXBuildFile; fileRef = 7C2431012443482300635CC0 /* MainMenu.xib */; };
		7C2431062443482300635CC0 /* main.m in Sources */ = {isa = PBXBuildFile; fileRef = 7C2431052443482300635CC0 /* main.m */; };
		7C8DC8B224541F6300D70A19 /* readme.md in Resources */ = {isa = PBXBuildFile; fileRef = 7C8DC8B124541F6300D70A19 /* readme.md */; };
		7CD0083724697A12006EC8CD /* NLSocket.cpp in Sources */ = {isa = PBXBuildFile; fileRef = 7CD0083624697A12006EC8CD /* NLSocket.cpp */; };
		7CD0083B2469A3CF006EC8CD /* ClientWindowController.mm in Sources */ = {isa = PBXBuildFile; fileRef = 7CD008392469A3CF006EC8CD /* ClientWindowController.mm */; };
		7CD0083C2469A3CF006EC8CD /* ClientWindowController.xib in Resources */ = {isa = PBXBuildFile; fileRef = 7CD0083A2469A3CF006EC8CD /* ClientWindowController.xib */; };
/* End PBXBuildFile section */

/* Begin PBXFileReference section */
		7C2430F92443482200635CC0 /* MacSocket.app */ = {isa = PBXFileReference; explicitFileType = wrapper.application; includeInIndex = 0; path = MacSocket.app; sourceTree = BUILT_PRODUCTS_DIR; };
		7C2430FC2443482200635CC0 /* AppDelegate.h */ = {isa = PBXFileReference; lastKnownFileType = sourcecode.c.h; path = AppDelegate.h; sourceTree = "<group>"; };
		7C2430FD2443482200635CC0 /* AppDelegate.mm */ = {isa = PBXFileReference; lastKnownFileType = sourcecode.cpp.objcpp; path = AppDelegate.mm; sourceTree = "<group>"; };
		7C2430FF2443482300635CC0 /* Assets.xcassets */ = {isa = PBXFileReference; lastKnownFileType = folder.assetcatalog; path = Assets.xcassets; sourceTree = "<group>"; };
		7C2431022443482300635CC0 /* Base */ = {isa = PBXFileReference; lastKnownFileType = file.xib; name = Base; path = Base.lproj/MainMenu.xib; sourceTree = "<group>"; };
		7C2431042443482300635CC0 /* Info.plist */ = {isa = PBXFileReference; lastKnownFileType = text.plist.xml; path = Info.plist; sourceTree = "<group>"; };
		7C2431052443482300635CC0 /* main.m */ = {isa = PBXFileReference; lastKnownFileType = sourcecode.c.objc; path = main.m; sourceTree = "<group>"; };
		7C2431072443482300635CC0 /* MacSocket.entitlements */ = {isa = PBXFileReference; lastKnownFileType = text.plist.entitlements; path = MacSocket.entitlements; sourceTree = "<group>"; };
		7C8DC8B124541F6300D70A19 /* readme.md */ = {isa = PBXFileReference; lastKnownFileType = net.daringfireball.markdown; path = readme.md; sourceTree = "<group>"; };
		7CD0083524697A12006EC8CD /* NLSocket.hpp */ = {isa = PBXFileReference; fileEncoding = 4; lastKnownFileType = sourcecode.cpp.h; path = NLSocket.hpp; sourceTree = "<group>"; };
		7CD0083624697A12006EC8CD /* NLSocket.cpp */ = {isa = PBXFileReference; fileEncoding = 4; lastKnownFileType = sourcecode.cpp.cpp; path = NLSocket.cpp; sourceTree = "<group>"; };
		7CD008382469A3CF006EC8CD /* ClientWindowController.h */ = {isa = PBXFileReference; lastKnownFileType = sourcecode.c.h; path = ClientWindowController.h; sourceTree = "<group>"; };
		7CD008392469A3CF006EC8CD /* ClientWindowController.mm */ = {isa = PBXFileReference; lastKnownFileType = sourcecode.cpp.objcpp; path = ClientWindowController.mm; sourceTree = "<group>"; };
		7CD0083A2469A3CF006EC8CD /* ClientWindowController.xib */ = {isa = PBXFileReference; lastKnownFileType = file.xib; path = ClientWindowController.xib; sourceTree = "<group>"; };
/* End PBXFileReference section */

/* Begin PBXFrameworksBuildPhase section */
		7C2430F62443482200635CC0 /* Frameworks */ = {
			isa = PBXFrameworksBuildPhase;
			buildActionMask = 2147483647;
			files = (
			);
			runOnlyForDeploymentPostprocessing = 0;
		};
/* End PBXFrameworksBuildPhase section */

/* Begin PBXGroup section */
		7C2430F02443482200635CC0 = {
			isa = PBXGroup;
			children = (
				7C2430FB2443482200635CC0 /* MacSocket */,
				7C2430FA2443482200635CC0 /* Products */,
			);
			sourceTree = "<group>";
		};
		7C2430FA2443482200635CC0 /* Products */ = {
			isa = PBXGroup;
			children = (
				7C2430F92443482200635CC0 /* MacSocket.app */,
			);
			name = Products;
			sourceTree = "<group>";
		};
		7C2430FB2443482200635CC0 /* MacSocket */ = {
			isa = PBXGroup;
			children = (
				7CD0083424697A12006EC8CD /* nlsdk */,
				7C2430FC2443482200635CC0 /* AppDelegate.h */,
				7C2430FD2443482200635CC0 /* AppDelegate.mm */,
				7C2430FF2443482300635CC0 /* Assets.xcassets */,
				7C2431012443482300635CC0 /* MainMenu.xib */,
				7C2431042443482300635CC0 /* Info.plist */,
				7C2431052443482300635CC0 /* main.m */,
				7C2431072443482300635CC0 /* MacSocket.entitlements */,
				7C8DC8B124541F6300D70A19 /* readme.md */,
				7CD008382469A3CF006EC8CD /* ClientWindowController.h */,
				7CD008392469A3CF006EC8CD /* ClientWindowController.mm */,
				7CD0083A2469A3CF006EC8CD /* ClientWindowController.xib */,
			);
			path = MacSocket;
			sourceTree = "<group>";
		};
		7CD0083424697A12006EC8CD /* nlsdk */ = {
			isa = PBXGroup;
			children = (
				7CD0083524697A12006EC8CD /* NLSocket.hpp */,
				7CD0083624697A12006EC8CD /* NLSocket.cpp */,
			);
			name = nlsdk;
			path = ../../nlsdk;
			sourceTree = "<group>";
		};
/* End PBXGroup section */

/* Begin PBXNativeTarget section */
		7C2430F82443482200635CC0 /* MacSocket */ = {
			isa = PBXNativeTarget;
			buildConfigurationList = 7C24310A2443482300635CC0 /* Build configuration list for PBXNativeTarget "MacSocket" */;
			buildPhases = (
				7C2430F52443482200635CC0 /* Sources */,
				7C2430F62443482200635CC0 /* Frameworks */,
				7C2430F72443482200635CC0 /* Resources */,
			);
			buildRules = (
			);
			dependencies = (
			);
			name = MacSocket;
			productName = MacSocket;
			productReference = 7C2430F92443482200635CC0 /* MacSocket.app */;
			productType = "com.apple.product-type.application";
		};
/* End PBXNativeTarget section */

/* Begin PBXProject section */
		7C2430F12443482200635CC0 /* Project object */ = {
			isa = PBXProject;
			attributes = {
				LastUpgradeCheck = 1020;
				ORGANIZATIONNAME = notblock;
				TargetAttributes = {
					7C2430F82443482200635CC0 = {
						CreatedOnToolsVersion = 10.2;
					};
				};
			};
			buildConfigurationList = 7C2430F42443482200635CC0 /* Build configuration list for PBXProject "MacSocket" */;
			compatibilityVersion = "Xcode 9.3";
			developmentRegion = en;
			hasScannedForEncodings = 0;
			knownRegions = (
				en,
				Base,
			);
			mainGroup = 7C2430F02443482200635CC0;
			productRefGroup = 7C2430FA2443482200635CC0 /* Products */;
			projectDirPath = "";
			projectRoot = "";
			targets = (
				7C2430F82443482200635CC0 /* MacSocket */,
			);
		};
/* End PBXProject section */

/* Begin PBXResourcesBuildPhase section */
		7C2430F72443482200635CC0 /* Resources */ = {
			isa = PBXResourcesBuildPhase;
			buildActionMask = 2147483647;
			files = (
				7C2431002443482300635CC0 /* Assets.xcassets in Resources */,
				7C8DC8B224541F6300D70A19 /* readme.md in Resources */,
				7CD0083C2469A3CF006EC8CD /* ClientWindowController.xib in Resources */,
				7C2431032443482300635CC0 /* MainMenu.xib in Resources */,
			);
			runOnlyForDeploymentPostprocessing = 0;
		};
/* End PBXResourcesBuildPhase section */

/* Begin PBXSourcesBuildPhase section */
		7C2430F52443482200635CC0 /* Sources */ = {
			isa = PBXSourcesBuildPhase;
			buildActionMask = 2147483647;
			files = (
				7CD0083724697A12006EC8CD /* NLSocket.cpp in Sources */,
				7C2431062443482300635CC0 /* main.m in Sources */,
				7C2430FE2443482200635CC0 /* AppDelegate.mm in Sources */,
				7CD0083B2469A3CF006EC8CD /* ClientWindowController.mm in Sources */,
			);
			runOnlyForDeploymentPostprocessing = 0;
		};
/* End PBXSourcesBuildPhase section */

/* Begin PBXVariantGroup section */
		7C2431012443482300635CC0 /* MainMenu.xib */ = {
			isa = PBXVariantGroup;
			children = (
				7C2431022443482300635CC0 /* Base */,
			);
			name = MainMenu.xib;
			sourceTree = "<group>";
		};
/* End PBXVariantGroup section */

/* Begin XCBuildConfiguration section */
		7C2431082443482300635CC0 /* Debug */ = {
			isa = XCBuildConfiguration;
			buildSettings = {
				ALWAYS_SEARCH_USER_PATHS = NO;
				CLANG_ANALYZER_NONNULL = YES;
				CLANG_ANALYZER_NUMBER_OBJECT_CONVERSION = YES_AGGRESSIVE;
				CLANG_CXX_LANGUAGE_STANDARD = "gnu++14";
				CLANG_CXX_LIBRARY = "libc++";
				CLANG_ENABLE_MODULES = YES;
				CLANG_ENABLE_OBJC_ARC = YES;
				CLANG_ENABLE_OBJC_WEAK = YES;
				CLANG_WARN_BLOCK_CAPTURE_AUTORELEASING = YES;
				CLANG_WARN_BOOL_CONVERSION = YES;
				CLANG_WARN_COMMA = YES;
				CLANG_WARN_CONSTANT_CONVERSION = YES;
				CLANG_WARN_DEPRECATED_OBJC_IMPLEMENTATIONS = YES;
				CLANG_WARN_DIRECT_OBJC_ISA_USAGE = YES_ERROR;
				CLANG_WARN_DOCUMENTATION_COMMENTS = YES;
				CLANG_WARN_EMPTY_BODY = YES;
				CLANG_WARN_ENUM_CONVERSION = YES;
				CLANG_WARN_INFINITE_RECURSION = YES;
				CLANG_WARN_INT_CONVERSION = YES;
				CLANG_WARN_NON_LITERAL_NULL_CONVERSION = YES;
				CLANG_WARN_OBJC_IMPLICIT_RETAIN_SELF = YES;
				CLANG_WARN_OBJC_LITERAL_CONVERSION = YES;
				CLANG_WARN_OBJC_ROOT_CLASS = YES_ERROR;
				CLANG_WARN_RANGE_LOOP_ANALYSIS = YES;
				CLANG_WARN_STRICT_PROTOTYPES = YES;
				CLANG_WARN_SUSPICIOUS_MOVE = YES;
				CLANG_WARN_UNGUARDED_AVAILABILITY = YES_AGGRESSIVE;
				CLANG_WARN_UNREACHABLE_CODE = YES;
				CLANG_WARN__DUPLICATE_METHOD_MATCH = YES;
				CODE_SIGN_IDENTITY = "-";
				COPY_PHASE_STRIP = NO;
				DEBUG_INFORMATION_FORMAT = dwarf;
				ENABLE_STRICT_OBJC_MSGSEND = YES;
				ENABLE_TESTABILITY = YES;
				GCC_C_LANGUAGE_STANDARD = gnu11;
				GCC_DYNAMIC_NO_PIC = NO;
				GCC_NO_COMMON_BLOCKS = YES;
				GCC_OPTIMIZATION_LEVEL = 0;
				GCC_PREPROCESSOR_DEFINITIONS = (
					"DEBUG=1",
					"$(inherited)",
				);
				GCC_WARN_64_TO_32_BIT_CONVERSION = YES;
				GCC_WARN_ABOUT_RETURN_TYPE = YES_ERROR;
				GCC_WARN_UNDECLARED_SELECTOR = YES;
				GCC_WARN_UNINITIALIZED_AUTOS = YES_AGGRESSIVE;
				GCC_WARN_UNUSED_FUNCTION = YES;
				GCC_WARN_UNUSED_VARIABLE = YES;
				MACOSX_DEPLOYMENT_TARGET = 10.14;
				MTL_ENABLE_DEBUG_INFO = INCLUDE_SOURCE;
				MTL_FAST_MATH = YES;
				ONLY_ACTIVE_ARCH = YES;
				SDKROOT = macosx;
			};
			name = Debug;
		};
		7C2431092443482300635CC0 /* Release */ = {
			isa = XCBuildConfiguration;
			buildSettings = {
				ALWAYS_SEARCH_USER_PATHS = NO;
				CLANG_ANALYZER_NONNULL = YES;
				CLANG_ANALYZER_NUMBER_OBJECT_CONVERSION = YES_AGGRESSIVE;
				CLANG_CXX_LANGUAGE_STANDARD = "gnu++14";
				CLANG_CXX_LIBRARY = "libc++";
				CLANG_ENABLE_MODULES = YES;
				CLANG_ENABLE_OBJC_ARC = YES;
				CLANG_ENABLE_OBJC_WEAK = YES;
				CLANG_WARN_BLOCK_CAPTURE_AUTORELEASING = YES;
				CLANG_WARN_BOOL_CONVERSION = YES;
				CLANG_WARN_COMMA = YES;
				CLANG_WARN_CONSTANT_CONVERSION = YES;
				CLANG_WARN_DEPRECATED_OBJC_IMPLEMENTATIONS = YES;
				CLANG_WARN_DIRECT_OBJC_ISA_USAGE = YES_ERROR;
				CLANG_WARN_DOCUMENTATION_COMMENTS = YES;
				CLANG_WARN_EMPTY_BODY = YES;
				CLANG_WARN_ENUM_CONVERSION = YES;
				CLANG_WARN_INFINITE_RECURSION = YES;
				CLANG_WARN_INT_CONVERSION = YES;
				CLANG_WARN_NON_LITERAL_NULL_CONVERSION = YES;
				CLANG_WARN_OBJC_IMPLICIT_RETAIN_SELF = YES;
				CLANG_WARN_OBJC_LITERAL_CONVERSION = YES;
				CLANG_WARN_OBJC_ROOT_CLASS = YES_ERROR;
				CLANG_WARN_RANGE_LOOP_ANALYSIS = YES;
				CLANG_WARN_STRICT_PROTOTYPES = YES;
				CLANG_WARN_SUSPICIOUS_MOVE = YES;
				CLANG_WARN_UNGUARDED_AVAILABILITY = YES_AGGRESSIVE;
				CLANG_WARN_UNREACHABLE_CODE = YES;
				CLANG_WARN__DUPLICATE_METHOD_MATCH = YES;
				CODE_SIGN_IDENTITY = "-";
				COPY_PHASE_STRIP = NO;
				DEBUG_INFORMATION_FORMAT = "dwarf-with-dsym";
				ENABLE_NS_ASSERTIONS = NO;
				ENABLE_STRICT_OBJC_MSGSEND = YES;
				GCC_C_LANGUAGE_STANDARD = gnu11;
				GCC_NO_COMMON_BLOCKS = YES;
				GCC_WARN_64_TO_32_BIT_CONVERSION = YES;
				GCC_WARN_ABOUT_RETURN_TYPE = YES_ERROR;
				GCC_WARN_UNDECLARED_SELECTOR = YES;
				GCC_WARN_UNINITIALIZED_AUTOS = YES_AGGRESSIVE;
				GCC_WARN_UNUSED_FUNCTION = YES;
				GCC_WARN_UNUSED_VARIABLE = YES;
				MACOSX_DEPLOYMENT_TARGET = 10.14;
				MTL_ENABLE_DEBUG_INFO = NO;
				MTL_FAST_MATH = YES;
				SDKROOT = macosx;
			};
			name = Release;
		};
		7C24310B2443482300635CC0 /* Debug */ = {
			isa = XCBuildConfiguration;
			buildSettings = {
				ASSETCATALOG_COMPILER_APPICON_NAME = AppIcon;
				CODE_SIGN_STYLE = Automatic;
				COMBINE_HIDPI_IMAGES = YES;
				DEBUG_INFORMATION_FORMAT = "dwarf-with-dsym";
				INFOPLIST_FILE = MacSocket/Info.plist;
				LD_RUNPATH_SEARCH_PATHS = (
					"$(inherited)",
					"@executable_path/../Frameworks",
				);
				ONLY_ACTIVE_ARCH = NO;
				PRODUCT_BUNDLE_IDENTIFIER = com.notblock.MacSocket;
				PRODUCT_NAME = "$(TARGET_NAME)";
			};
			name = Debug;
		};
		7C24310C2443482300635CC0 /* Release */ = {
			isa = XCBuildConfiguration;
			buildSettings = {
				ASSETCATALOG_COMPILER_APPICON_NAME = AppIcon;
				CODE_SIGN_STYLE = Automatic;
				COMBINE_HIDPI_IMAGES = YES;
				INFOPLIST_FILE = MacSocket/Info.plist;
				LD_RUNPATH_SEARCH_PATHS = (
					"$(inherited)",
					"@executable_path/../Frameworks",
				);
				PRODUCT_BUNDLE_IDENTIFIER = com.notblock.MacSocket;
				PRODUCT_NAME = "$(TARGET_NAME)";
			};
			name = Release;
		};
/* End XCBuildConfiguration section */

/* Begin XCConfigurationList section */
		7C2430F42443482200635CC0 /* Build configuration list for PBXProject "MacSocket" */ = {
			isa = XCConfigurationList;
			buildConfigurations = (
				7C2431082443482300635CC0 /* Debug */,
				7C2431092443482300635CC0 /* Release */,
			);
			defaultConfigurationIsVisible = 0;
			defaultConfigurationName = Release;
		};
		7C24310A2443482300635CC0 /* Build configuration list for PBXNativeTarget "MacSocket" */ = {
			isa = XCConfigurationList;
			buildConfigurations = (
				7C24310B2443482300635CC0 /* Debug */,
				7C24310C2443482300635CC0 /* Release */,
			);
			defaultConfigurationIsVisible = 0;
			defaultConfigurationName = Release;
		};
/* End XCConfigurationList section */
	};
	rootObject = 7C2430F12443482200635CC0 /* Project object */;
}
